// !$*UTF8*$!
{
	archiveVersion = 1;
	classes = {
	};
	objectVersion = 77;
	objects = {

/* Begin PBXBuildFile section */
		F28D0EA32D264D4A0079D6C3 /* WidgetKit.framework in Frameworks */ = {isa = PBXBuildFile; fileRef = F28D0EA22D264D4A0079D6C3 /* WidgetKit.framework */; };
		F28D0EA52D264D4A0079D6C3 /* SwiftUI.framework in Frameworks */ = {isa = PBXBuildFile; fileRef = F28D0EA42D264D4A0079D6C3 /* SwiftUI.framework */; };
		F28D0EB62D264D4C0079D6C3 /* HighlightWidgetExtensionExtension.appex in Embed Foundation Extensions */ = {isa = PBXBuildFile; fileRef = F28D0EA02D264D4A0079D6C3 /* HighlightWidgetExtensionExtension.appex */; settings = {ATTRIBUTES = (RemoveHeadersOnCopy, ); }; };
/* End PBXBuildFile section */

/* Begin PBXContainerItemProxy section */
		F28D0E7B2D264C770079D6C3 /* PBXContainerItemProxy */ = {
			isa = PBXContainerItemProxy;
			containerPortal = F28D0E622D264C750079D6C3 /* Project object */;
			proxyType = 1;
			remoteGlobalIDString = F28D0E692D264C750079D6C3;
			remoteInfo = HighlightHaven;
		};
		F28D0E852D264C770079D6C3 /* PBXContainerItemProxy */ = {
			isa = PBXContainerItemProxy;
			containerPortal = F28D0E622D264C750079D6C3 /* Project object */;
			proxyType = 1;
			remoteGlobalIDString = F28D0E692D264C750079D6C3;
			remoteInfo = HighlightHaven;
		};
		F28D0EB42D264D4C0079D6C3 /* PBXContainerItemProxy */ = {
			isa = PBXContainerItemProxy;
			containerPortal = F28D0E622D264C750079D6C3 /* Project object */;
			proxyType = 1;
			remoteGlobalIDString = F28D0E9F2D264D4A0079D6C3;
			remoteInfo = HighlightWidgetExtensionExtension;
		};
/* End PBXContainerItemProxy section */

/* Begin PBXCopyFilesBuildPhase section */
		F28D0EBB2D264D4C0079D6C3 /* Embed Foundation Extensions */ = {
			isa = PBXCopyFilesBuildPhase;
			buildActionMask = 2147483647;
			dstPath = "";
			dstSubfolderSpec = 13;
			files = (
				F28D0EB62D264D4C0079D6C3 /* HighlightWidgetExtensionExtension.appex in Embed Foundation Extensions */,
			);
			name = "Embed Foundation Extensions";
			runOnlyForDeploymentPostprocessing = 0;
		};
/* End PBXCopyFilesBuildPhase section */

/* Begin PBXFileReference section */
		F28D0E6A2D264C750079D6C3 /* HighlightHaven.app */ = {isa = PBXFileReference; explicitFileType = wrapper.application; includeInIndex = 0; path = HighlightHaven.app; sourceTree = BUILT_PRODUCTS_DIR; };
		F28D0E7A2D264C770079D6C3 /* HighlightHavenTests.xctest */ = {isa = PBXFileReference; explicitFileType = wrapper.cfbundle; includeInIndex = 0; path = HighlightHavenTests.xctest; sourceTree = BUILT_PRODUCTS_DIR; };
		F28D0E842D264C770079D6C3 /* HighlightHavenUITests.xctest */ = {isa = PBXFileReference; explicitFileType = wrapper.cfbundle; includeInIndex = 0; path = HighlightHavenUITests.xctest; sourceTree = BUILT_PRODUCTS_DIR; };
		F28D0EA02D264D4A0079D6C3 /* HighlightWidgetExtensionExtension.appex */ = {isa = PBXFileReference; explicitFileType = "wrapper.app-extension"; includeInIndex = 0; path = HighlightWidgetExtensionExtension.appex; sourceTree = BUILT_PRODUCTS_DIR; };
		F28D0EA22D264D4A0079D6C3 /* WidgetKit.framework */ = {isa = PBXFileReference; lastKnownFileType = wrapper.framework; name = WidgetKit.framework; path = System/Library/Frameworks/WidgetKit.framework; sourceTree = SDKROOT; };
		F28D0EA42D264D4A0079D6C3 /* SwiftUI.framework */ = {isa = PBXFileReference; lastKnownFileType = wrapper.framework; name = SwiftUI.framework; path = System/Library/Frameworks/SwiftUI.framework; sourceTree = SDKROOT; };
/* End PBXFileReference section */

/* Begin PBXFileSystemSynchronizedBuildFileExceptionSet section */
		F28D0EB72D264D4C0079D6C3 /* Exceptions for "HighlightWidgetExtension" folder in "HighlightWidgetExtensionExtension" target */ = {
			isa = PBXFileSystemSynchronizedBuildFileExceptionSet;
			membershipExceptions = (
				Info.plist,
			);
			target = F28D0E9F2D264D4A0079D6C3 /* HighlightWidgetExtensionExtension */;
		};
		F28D0EBD2D2650B60079D6C3 /* Exceptions for "HighlightHaven" folder in "HighlightWidgetExtensionExtension" target */ = {
			isa = PBXFileSystemSynchronizedBuildFileExceptionSet;
			membershipExceptions = (
				HighlightData.swift,
				HighlightModel.swift,
			);
			target = F28D0E9F2D264D4A0079D6C3 /* HighlightWidgetExtensionExtension */;
		};
/* End PBXFileSystemSynchronizedBuildFileExceptionSet section */

/* Begin PBXFileSystemSynchronizedRootGroup section */
		F28D0E6C2D264C750079D6C3 /* HighlightHaven */ = {
			isa = PBXFileSystemSynchronizedRootGroup;
			exceptions = (
				F28D0EBD2D2650B60079D6C3 /* Exceptions for "HighlightHaven" folder in "HighlightWidgetExtensionExtension" target */,
			);
			path = HighlightHaven;
			sourceTree = "<group>";
		};
		F28D0E7D2D264C770079D6C3 /* HighlightHavenTests */ = {
			isa = PBXFileSystemSynchronizedRootGroup;
			path = HighlightHavenTests;
			sourceTree = "<group>";
		};
		F28D0E872D264C770079D6C3 /* HighlightHavenUITests */ = {
			isa = PBXFileSystemSynchronizedRootGroup;
			path = HighlightHavenUITests;
			sourceTree = "<group>";
		};
		F28D0EA62D264D4A0079D6C3 /* HighlightWidgetExtension */ = {
			isa = PBXFileSystemSynchronizedRootGroup;
			exceptions = (
				F28D0EB72D264D4C0079D6C3 /* Exceptions for "HighlightWidgetExtension" folder in "HighlightWidgetExtensionExtension" target */,
			);
			path = HighlightWidgetExtension;
			sourceTree = "<group>";
		};
/* End PBXFileSystemSynchronizedRootGroup section */

/* Begin PBXFrameworksBuildPhase section */
		F28D0E672D264C750079D6C3 /* Frameworks */ = {
			isa = PBXFrameworksBuildPhase;
			buildActionMask = 2147483647;
			files = (
			);
			runOnlyForDeploymentPostprocessing = 0;
		};
		F28D0E772D264C770079D6C3 /* Frameworks */ = {
			isa = PBXFrameworksBuildPhase;
			buildActionMask = 2147483647;
			files = (
			);
			runOnlyForDeploymentPostprocessing = 0;
		};
		F28D0E812D264C770079D6C3 /* Frameworks */ = {
			isa = PBXFrameworksBuildPhase;
			buildActionMask = 2147483647;
			files = (
			);
			runOnlyForDeploymentPostprocessing = 0;
		};
		F28D0E9D2D264D4A0079D6C3 /* Frameworks */ = {
			isa = PBXFrameworksBuildPhase;
			buildActionMask = 2147483647;
			files = (
				F28D0EA52D264D4A0079D6C3 /* SwiftUI.framework in Frameworks */,
				F28D0EA32D264D4A0079D6C3 /* WidgetKit.framework in Frameworks */,
			);
			runOnlyForDeploymentPostprocessing = 0;
		};
/* End PBXFrameworksBuildPhase section */

/* Begin PBXGroup section */
		F28D0E612D264C750079D6C3 = {
			isa = PBXGroup;
			children = (
				F28D0E6C2D264C750079D6C3 /* HighlightHaven */,
				F28D0E7D2D264C770079D6C3 /* HighlightHavenTests */,
				F28D0E872D264C770079D6C3 /* HighlightHavenUITests */,
				F28D0EA62D264D4A0079D6C3 /* HighlightWidgetExtension */,
				F28D0EA12D264D4A0079D6C3 /* Frameworks */,
				F28D0E6B2D264C750079D6C3 /* Products */,
			);
			sourceTree = "<group>";
		};
		F28D0E6B2D264C750079D6C3 /* Products */ = {
			isa = PBXGroup;
			children = (
				F28D0E6A2D264C750079D6C3 /* HighlightHaven.app */,
				F28D0E7A2D264C770079D6C3 /* HighlightHavenTests.xctest */,
				F28D0E842D264C770079D6C3 /* HighlightHavenUITests.xctest */,
				F28D0EA02D264D4A0079D6C3 /* HighlightWidgetExtensionExtension.appex */,
			);
			name = Products;
			sourceTree = "<group>";
		};
		F28D0EA12D264D4A0079D6C3 /* Frameworks */ = {
			isa = PBXGroup;
			children = (
				F28D0EA22D264D4A0079D6C3 /* WidgetKit.framework */,
				F28D0EA42D264D4A0079D6C3 /* SwiftUI.framework */,
			);
			name = Frameworks;
			sourceTree = "<group>";
		};
/* End PBXGroup section */

/* Begin PBXNativeTarget section */
		F28D0E692D264C750079D6C3 /* HighlightHaven */ = {
			isa = PBXNativeTarget;
			buildConfigurationList = F28D0E8E2D264C770079D6C3 /* Build configuration list for PBXNativeTarget "HighlightHaven" */;
			buildPhases = (
				F28D0E662D264C750079D6C3 /* Sources */,
				F28D0E672D264C750079D6C3 /* Frameworks */,
				F28D0E682D264C750079D6C3 /* Resources */,
				F28D0EBB2D264D4C0079D6C3 /* Embed Foundation Extensions */,
			);
			buildRules = (
			);
			dependencies = (
				F28D0EB52D264D4C0079D6C3 /* PBXTargetDependency */,
			);
			fileSystemSynchronizedGroups = (
				F28D0E6C2D264C750079D6C3 /* HighlightHaven */,
			);
			name = HighlightHaven;
			packageProductDependencies = (
			);
			productName = HighlightHaven;
			productReference = F28D0E6A2D264C750079D6C3 /* HighlightHaven.app */;
			productType = "com.apple.product-type.application";
		};
		F28D0E792D264C770079D6C3 /* HighlightHavenTests */ = {
			isa = PBXNativeTarget;
			buildConfigurationList = F28D0E912D264C770079D6C3 /* Build configuration list for PBXNativeTarget "HighlightHavenTests" */;
			buildPhases = (
				F28D0E762D264C770079D6C3 /* Sources */,
				F28D0E772D264C770079D6C3 /* Frameworks */,
				F28D0E782D264C770079D6C3 /* Resources */,
			);
			buildRules = (
			);
			dependencies = (
				F28D0E7C2D264C770079D6C3 /* PBXTargetDependency */,
			);
			fileSystemSynchronizedGroups = (
				F28D0E7D2D264C770079D6C3 /* HighlightHavenTests */,
			);
			name = HighlightHavenTests;
			packageProductDependencies = (
			);
			productName = HighlightHavenTests;
			productReference = F28D0E7A2D264C770079D6C3 /* HighlightHavenTests.xctest */;
			productType = "com.apple.product-type.bundle.unit-test";
		};
		F28D0E832D264C770079D6C3 /* HighlightHavenUITests */ = {
			isa = PBXNativeTarget;
			buildConfigurationList = F28D0E942D264C770079D6C3 /* Build configuration list for PBXNativeTarget "HighlightHavenUITests" */;
			buildPhases = (
				F28D0E802D264C770079D6C3 /* Sources */,
				F28D0E812D264C770079D6C3 /* Frameworks */,
				F28D0E822D264C770079D6C3 /* Resources */,
			);
			buildRules = (
			);
			dependencies = (
				F28D0E862D264C770079D6C3 /* PBXTargetDependency */,
			);
			fileSystemSynchronizedGroups = (
				F28D0E872D264C770079D6C3 /* HighlightHavenUITests */,
			);
			name = HighlightHavenUITests;
			packageProductDependencies = (
			);
			productName = HighlightHavenUITests;
			productReference = F28D0E842D264C770079D6C3 /* HighlightHavenUITests.xctest */;
			productType = "com.apple.product-type.bundle.ui-testing";
		};
		F28D0E9F2D264D4A0079D6C3 /* HighlightWidgetExtensionExtension */ = {
			isa = PBXNativeTarget;
			buildConfigurationList = F28D0EB82D264D4C0079D6C3 /* Build configuration list for PBXNativeTarget "HighlightWidgetExtensionExtension" */;
			buildPhases = (
				F28D0E9C2D264D4A0079D6C3 /* Sources */,
				F28D0E9D2D264D4A0079D6C3 /* Frameworks */,
				F28D0E9E2D264D4A0079D6C3 /* Resources */,
			);
			buildRules = (
			);
			dependencies = (
			);
			fileSystemSynchronizedGroups = (
				F28D0EA62D264D4A0079D6C3 /* HighlightWidgetExtension */,
			);
			name = HighlightWidgetExtensionExtension;
			packageProductDependencies = (
			);
			productName = HighlightWidgetExtensionExtension;
			productReference = F28D0EA02D264D4A0079D6C3 /* HighlightWidgetExtensionExtension.appex */;
			productType = "com.apple.product-type.app-extension";
		};
/* End PBXNativeTarget section */

/* Begin PBXProject section */
		F28D0E622D264C750079D6C3 /* Project object */ = {
			isa = PBXProject;
			attributes = {
				BuildIndependentTargetsInParallel = 1;
				LastSwiftUpdateCheck = 1620;
				LastUpgradeCheck = 1620;
				TargetAttributes = {
					F28D0E692D264C750079D6C3 = {
						CreatedOnToolsVersion = 16.2;
					};
					F28D0E792D264C770079D6C3 = {
						CreatedOnToolsVersion = 16.2;
						TestTargetID = F28D0E692D264C750079D6C3;
					};
					F28D0E832D264C770079D6C3 = {
						CreatedOnToolsVersion = 16.2;
						TestTargetID = F28D0E692D264C750079D6C3;
					};
					F28D0E9F2D264D4A0079D6C3 = {
						CreatedOnToolsVersion = 16.2;
					};
				};
			};
			buildConfigurationList = F28D0E652D264C750079D6C3 /* Build configuration list for PBXProject "HighlightHaven" */;
			developmentRegion = en;
			hasScannedForEncodings = 0;
			knownRegions = (
				en,
				Base,
			);
			mainGroup = F28D0E612D264C750079D6C3;
			minimizedProjectReferenceProxies = 1;
			preferredProjectObjectVersion = 77;
			productRefGroup = F28D0E6B2D264C750079D6C3 /* Products */;
			projectDirPath = "";
			projectRoot = "";
			targets = (
				F28D0E692D264C750079D6C3 /* HighlightHaven */,
				F28D0E792D264C770079D6C3 /* HighlightHavenTests */,
				F28D0E832D264C770079D6C3 /* HighlightHavenUITests */,
				F28D0E9F2D264D4A0079D6C3 /* HighlightWidgetExtensionExtension */,
			);
		};
/* End PBXProject section */

/* Begin PBXResourcesBuildPhase section */
		F28D0E682D264C750079D6C3 /* Resources */ = {
			isa = PBXResourcesBuildPhase;
			buildActionMask = 2147483647;
			files = (
			);
			runOnlyForDeploymentPostprocessing = 0;
		};
		F28D0E782D264C770079D6C3 /* Resources */ = {
			isa = PBXResourcesBuildPhase;
			buildActionMask = 2147483647;
			files = (
			);
			runOnlyForDeploymentPostprocessing = 0;
		};
		F28D0E822D264C770079D6C3 /* Resources */ = {
			isa = PBXResourcesBuildPhase;
			buildActionMask = 2147483647;
			files = (
			);
			runOnlyForDeploymentPostprocessing = 0;
		};
		F28D0E9E2D264D4A0079D6C3 /* Resources */ = {
			isa = PBXResourcesBuildPhase;
			buildActionMask = 2147483647;
			files = (
			);
			runOnlyForDeploymentPostprocessing = 0;
		};
/* End PBXResourcesBuildPhase section */

/* Begin PBXSourcesBuildPhase section */
		F28D0E662D264C750079D6C3 /* Sources */ = {
			isa = PBXSourcesBuildPhase;
			buildActionMask = 2147483647;
			files = (
			);
			runOnlyForDeploymentPostprocessing = 0;
		};
		F28D0E762D264C770079D6C3 /* Sources */ = {
			isa = PBXSourcesBuildPhase;
			buildActionMask = 2147483647;
			files = (
			);
			runOnlyForDeploymentPostprocessing = 0;
		};
		F28D0E802D264C770079D6C3 /* Sources */ = {
			isa = PBXSourcesBuildPhase;
			buildActionMask = 2147483647;
			files = (
			);
			runOnlyForDeploymentPostprocessing = 0;
		};
		F28D0E9C2D264D4A0079D6C3 /* Sources */ = {
			isa = PBXSourcesBuildPhase;
			buildActionMask = 2147483647;
			files = (
			);
			runOnlyForDeploymentPostprocessing = 0;
		};
/* End PBXSourcesBuildPhase section */

/* Begin PBXTargetDependency section */
		F28D0E7C2D264C770079D6C3 /* PBXTargetDependency */ = {
			isa = PBXTargetDependency;
			target = F28D0E692D264C750079D6C3 /* HighlightHaven */;
			targetProxy = F28D0E7B2D264C770079D6C3 /* PBXContainerItemProxy */;
		};
		F28D0E862D264C770079D6C3 /* PBXTargetDependency */ = {
			isa = PBXTargetDependency;
			target = F28D0E692D264C750079D6C3 /* HighlightHaven */;
			targetProxy = F28D0E852D264C770079D6C3 /* PBXContainerItemProxy */;
		};
		F28D0EB52D264D4C0079D6C3 /* PBXTargetDependency */ = {
			isa = PBXTargetDependency;
			target = F28D0E9F2D264D4A0079D6C3 /* HighlightWidgetExtensionExtension */;
			targetProxy = F28D0EB42D264D4C0079D6C3 /* PBXContainerItemProxy */;
		};
/* End PBXTargetDependency section */

/* Begin XCBuildConfiguration section */
		F28D0E8C2D264C770079D6C3 /* Debug */ = {
			isa = XCBuildConfiguration;
			buildSettings = {
				ALWAYS_SEARCH_USER_PATHS = NO;
				ASSETCATALOG_COMPILER_GENERATE_SWIFT_ASSET_SYMBOL_EXTENSIONS = YES;
				CLANG_ANALYZER_NONNULL = YES;
				CLANG_ANALYZER_NUMBER_OBJECT_CONVERSION = YES_AGGRESSIVE;
				CLANG_CXX_LANGUAGE_STANDARD = "gnu++20";
				CLANG_ENABLE_MODULES = YES;
				CLANG_ENABLE_OBJC_ARC = YES;
				CLANG_ENABLE_OBJC_WEAK = YES;
				CLANG_WARN_BLOCK_CAPTURE_AUTORELEASING = YES;
				CLANG_WARN_BOOL_CONVERSION = YES;
				CLANG_WARN_COMMA = YES;
				CLANG_WARN_CONSTANT_CONVERSION = YES;
				CLANG_WARN_DEPRECATED_OBJC_IMPLEMENTATIONS = YES;
				CLANG_WARN_DIRECT_OBJC_ISA_USAGE = YES_ERROR;
				CLANG_WARN_DOCUMENTATION_COMMENTS = YES;
				CLANG_WARN_EMPTY_BODY = YES;
				CLANG_WARN_ENUM_CONVERSION = YES;
				CLANG_WARN_INFINITE_RECURSION = YES;
				CLANG_WARN_INT_CONVERSION = YES;
				CLANG_WARN_NON_LITERAL_NULL_CONVERSION = YES;
				CLANG_WARN_OBJC_IMPLICIT_RETAIN_SELF = YES;
				CLANG_WARN_OBJC_LITERAL_CONVERSION = YES;
				CLANG_WARN_OBJC_ROOT_CLASS = YES_ERROR;
				CLANG_WARN_QUOTED_INCLUDE_IN_FRAMEWORK_HEADER = YES;
				CLANG_WARN_RANGE_LOOP_ANALYSIS = YES;
				CLANG_WARN_STRICT_PROTOTYPES = YES;
				CLANG_WARN_SUSPICIOUS_MOVE = YES;
				CLANG_WARN_UNGUARDED_AVAILABILITY = YES_AGGRESSIVE;
				CLANG_WARN_UNREACHABLE_CODE = YES;
				CLANG_WARN__DUPLICATE_METHOD_MATCH = YES;
				COPY_PHASE_STRIP = NO;
				DEBUG_INFORMATION_FORMAT = dwarf;
				ENABLE_STRICT_OBJC_MSGSEND = YES;
				ENABLE_TESTABILITY = YES;
				ENABLE_USER_SCRIPT_SANDBOXING = YES;
				GCC_C_LANGUAGE_STANDARD = gnu17;
				GCC_DYNAMIC_NO_PIC = NO;
				GCC_NO_COMMON_BLOCKS = YES;
				GCC_OPTIMIZATION_LEVEL = 0;
				GCC_PREPROCESSOR_DEFINITIONS = (
					"DEBUG=1",
					"$(inherited)",
				);
				GCC_WARN_64_TO_32_BIT_CONVERSION = YES;
				GCC_WARN_ABOUT_RETURN_TYPE = YES_ERROR;
				GCC_WARN_UNDECLARED_SELECTOR = YES;
				GCC_WARN_UNINITIALIZED_AUTOS = YES_AGGRESSIVE;
				GCC_WARN_UNUSED_FUNCTION = YES;
				GCC_WARN_UNUSED_VARIABLE = YES;
				IPHONEOS_DEPLOYMENT_TARGET = 18.2;
				LOCALIZATION_PREFERS_STRING_CATALOGS = YES;
				MTL_ENABLE_DEBUG_INFO = INCLUDE_SOURCE;
				MTL_FAST_MATH = YES;
				ONLY_ACTIVE_ARCH = YES;
				SDKROOT = iphoneos;
				SWIFT_ACTIVE_COMPILATION_CONDITIONS = "DEBUG $(inherited)";
				SWIFT_OPTIMIZATION_LEVEL = "-Onone";
			};
			name = Debug;
		};
		F28D0E8D2D264C770079D6C3 /* Release */ = {
			isa = XCBuildConfiguration;
			buildSettings = {
				ALWAYS_SEARCH_USER_PATHS = NO;
				ASSETCATALOG_COMPILER_GENERATE_SWIFT_ASSET_SYMBOL_EXTENSIONS = YES;
				CLANG_ANALYZER_NONNULL = YES;
				CLANG_ANALYZER_NUMBER_OBJECT_CONVERSION = YES_AGGRESSIVE;
				CLANG_CXX_LANGUAGE_STANDARD = "gnu++20";
				CLANG_ENABLE_MODULES = YES;
				CLANG_ENABLE_OBJC_ARC = YES;
				CLANG_ENABLE_OBJC_WEAK = YES;
				CLANG_WARN_BLOCK_CAPTURE_AUTORELEASING = YES;
				CLANG_WARN_BOOL_CONVERSION = YES;
				CLANG_WARN_COMMA = YES;
				CLANG_WARN_CONSTANT_CONVERSION = YES;
				CLANG_WARN_DEPRECATED_OBJC_IMPLEMENTATIONS = YES;
				CLANG_WARN_DIRECT_OBJC_ISA_USAGE = YES_ERROR;
				CLANG_WARN_DOCUMENTATION_COMMENTS = YES;
				CLANG_WARN_EMPTY_BODY = YES;
				CLANG_WARN_ENUM_CONVERSION = YES;
				CLANG_WARN_INFINITE_RECURSION = YES;
				CLANG_WARN_INT_CONVERSION = YES;
				CLANG_WARN_NON_LITERAL_NULL_CONVERSION = YES;
				CLANG_WARN_OBJC_IMPLICIT_RETAIN_SELF = YES;
				CLANG_WARN_OBJC_LITERAL_CONVERSION = YES;
				CLANG_WARN_OBJC_ROOT_CLASS = YES_ERROR;
				CLANG_WARN_QUOTED_INCLUDE_IN_FRAMEWORK_HEADER = YES;
				CLANG_WARN_RANGE_LOOP_ANALYSIS = YES;
				CLANG_WARN_STRICT_PROTOTYPES = YES;
				CLANG_WARN_SUSPICIOUS_MOVE = YES;
				CLANG_WARN_UNGUARDED_AVAILABILITY = YES_AGGRESSIVE;
				CLANG_WARN_UNREACHABLE_CODE = YES;
				CLANG_WARN__DUPLICATE_METHOD_MATCH = YES;
				COPY_PHASE_STRIP = NO;
				DEBUG_INFORMATION_FORMAT = "dwarf-with-dsym";
				ENABLE_NS_ASSERTIONS = NO;
				ENABLE_STRICT_OBJC_MSGSEND = YES;
				ENABLE_USER_SCRIPT_SANDBOXING = YES;
				GCC_C_LANGUAGE_STANDARD = gnu17;
				GCC_NO_COMMON_BLOCKS = YES;
				GCC_WARN_64_TO_32_BIT_CONVERSION = YES;
				GCC_WARN_ABOUT_RETURN_TYPE = YES_ERROR;
				GCC_WARN_UNDECLARED_SELECTOR = YES;
				GCC_WARN_UNINITIALIZED_AUTOS = YES_AGGRESSIVE;
				GCC_WARN_UNUSED_FUNCTION = YES;
				GCC_WARN_UNUSED_VARIABLE = YES;
				IPHONEOS_DEPLOYMENT_TARGET = 18.2;
				LOCALIZATION_PREFERS_STRING_CATALOGS = YES;
				MTL_ENABLE_DEBUG_INFO = NO;
				MTL_FAST_MATH = YES;
				SDKROOT = iphoneos;
				SWIFT_COMPILATION_MODE = wholemodule;
				VALIDATE_PRODUCT = YES;
			};
			name = Release;
		};
		F28D0E8F2D264C770079D6C3 /* Debug */ = {
			isa = XCBuildConfiguration;
			buildSettings = {
				ASSETCATALOG_COMPILER_APPICON_NAME = AppIcon;
				ASSETCATALOG_COMPILER_GLOBAL_ACCENT_COLOR_NAME = AccentColor;
				CODE_SIGN_STYLE = Automatic;
				CURRENT_PROJECT_VERSION = 1;
				DEVELOPMENT_ASSET_PATHS = "\"HighlightHaven/Preview Content\"";
				ENABLE_PREVIEWS = YES;
				GENERATE_INFOPLIST_FILE = YES;
				INFOPLIST_KEY_UIApplicationSceneManifest_Generation = YES;
				INFOPLIST_KEY_UIApplicationSupportsIndirectInputEvents = YES;
				INFOPLIST_KEY_UILaunchScreen_Generation = YES;
				INFOPLIST_KEY_UISupportedInterfaceOrientations_iPad = "UIInterfaceOrientationPortrait UIInterfaceOrientationPortraitUpsideDown UIInterfaceOrientationLandscapeLeft UIInterfaceOrientationLandscapeRight";
				INFOPLIST_KEY_UISupportedInterfaceOrientations_iPhone = "UIInterfaceOrientationPortrait UIInterfaceOrientationLandscapeLeft UIInterfaceOrientationLandscapeRight";
				LD_RUNPATH_SEARCH_PATHS = (
					"$(inherited)",
					"@executable_path/Frameworks",
				);
				MARKETING_VERSION = 1.0;
				PRODUCT_BUNDLE_IDENTIFIER = sharrock.HighlightHaven;
				PRODUCT_NAME = "$(TARGET_NAME)";
				SWIFT_EMIT_LOC_STRINGS = YES;
				SWIFT_VERSION = 5.0;
				TARGETED_DEVICE_FAMILY = "1,2";
			};
			name = Debug;
		};
		F28D0E902D264C770079D6C3 /* Release */ = {
			isa = XCBuildConfiguration;
			buildSettings = {
				ASSETCATALOG_COMPILER_APPICON_NAME = AppIcon;
				ASSETCATALOG_COMPILER_GLOBAL_ACCENT_COLOR_NAME = AccentColor;
				CODE_SIGN_STYLE = Automatic;
				CURRENT_PROJECT_VERSION = 1;
				DEVELOPMENT_ASSET_PATHS = "\"HighlightHaven/Preview Content\"";
				ENABLE_PREVIEWS = YES;
				GENERATE_INFOPLIST_FILE = YES;
				INFOPLIST_KEY_UIApplicationSceneManifest_Generation = YES;
				INFOPLIST_KEY_UIApplicationSupportsIndirectInputEvents = YES;
				INFOPLIST_KEY_UILaunchScreen_Generation = YES;
				INFOPLIST_KEY_UISupportedInterfaceOrientations_iPad = "UIInterfaceOrientationPortrait UIInterfaceOrientationPortraitUpsideDown UIInterfaceOrientationLandscapeLeft UIInterfaceOrientationLandscapeRight";
				INFOPLIST_KEY_UISupportedInterfaceOrientations_iPhone = "UIInterfaceOrientationPortrait UIInterfaceOrientationLandscapeLeft UIInterfaceOrientationLandscapeRight";
				LD_RUNPATH_SEARCH_PATHS = (
					"$(inherited)",
					"@executable_path/Frameworks",
				);
				MARKETING_VERSION = 1.0;
				PRODUCT_BUNDLE_IDENTIFIER = sharrock.HighlightHaven;
				PRODUCT_NAME = "$(TARGET_NAME)";
				SWIFT_EMIT_LOC_STRINGS = YES;
				SWIFT_VERSION = 5.0;
				TARGETED_DEVICE_FAMILY = "1,2";
			};
			name = Release;
		};
		F28D0E922D264C770079D6C3 /* Debug */ = {
			isa = XCBuildConfiguration;
			buildSettings = {
				BUNDLE_LOADER = "$(TEST_HOST)";
				CODE_SIGN_STYLE = Automatic;
				CURRENT_PROJECT_VERSION = 1;
				GENERATE_INFOPLIST_FILE = YES;
				IPHONEOS_DEPLOYMENT_TARGET = 18.2;
				MARKETING_VERSION = 1.0;
				PRODUCT_BUNDLE_IDENTIFIER = sharrock.HighlightHavenTests;
				PRODUCT_NAME = "$(TARGET_NAME)";
				SWIFT_EMIT_LOC_STRINGS = NO;
				SWIFT_VERSION = 5.0;
				TARGETED_DEVICE_FAMILY = "1,2";
				TEST_HOST = "$(BUILT_PRODUCTS_DIR)/HighlightHaven.app/$(BUNDLE_EXECUTABLE_FOLDER_PATH)/HighlightHaven";
			};
			name = Debug;
		};
		F28D0E932D264C770079D6C3 /* Release */ = {
			isa = XCBuildConfiguration;
			buildSettings = {
				BUNDLE_LOADER = "$(TEST_HOST)";
				CODE_SIGN_STYLE = Automatic;
				CURRENT_PROJECT_VERSION = 1;
				GENERATE_INFOPLIST_FILE = YES;
				IPHONEOS_DEPLOYMENT_TARGET = 18.2;
				MARKETING_VERSION = 1.0;
				PRODUCT_BUNDLE_IDENTIFIER = sharrock.HighlightHavenTests;
				PRODUCT_NAME = "$(TARGET_NAME)";
				SWIFT_EMIT_LOC_STRINGS = NO;
				SWIFT_VERSION = 5.0;
				TARGETED_DEVICE_FAMILY = "1,2";
				TEST_HOST = "$(BUILT_PRODUCTS_DIR)/HighlightHaven.app/$(BUNDLE_EXECUTABLE_FOLDER_PATH)/HighlightHaven";
			};
			name = Release;
		};
		F28D0E952D264C770079D6C3 /* Debug */ = {
			isa = XCBuildConfiguration;
			buildSettings = {
				CODE_SIGN_STYLE = Automatic;
				CURRENT_PROJECT_VERSION = 1;
				GENERATE_INFOPLIST_FILE = YES;
				MARKETING_VERSION = 1.0;
				PRODUCT_BUNDLE_IDENTIFIER = sharrock.HighlightHavenUITests;
				PRODUCT_NAME = "$(TARGET_NAME)";
				SWIFT_EMIT_LOC_STRINGS = NO;
				SWIFT_VERSION = 5.0;
				TARGETED_DEVICE_FAMILY = "1,2";
				TEST_TARGET_NAME = HighlightHaven;
			};
			name = Debug;
		};
		F28D0E962D264C770079D6C3 /* Release */ = {
			isa = XCBuildConfiguration;
			buildSettings = {
				CODE_SIGN_STYLE = Automatic;
				CURRENT_PROJECT_VERSION = 1;
				GENERATE_INFOPLIST_FILE = YES;
				MARKETING_VERSION = 1.0;
				PRODUCT_BUNDLE_IDENTIFIER = sharrock.HighlightHavenUITests;
				PRODUCT_NAME = "$(TARGET_NAME)";
				SWIFT_EMIT_LOC_STRINGS = NO;
				SWIFT_VERSION = 5.0;
				TARGETED_DEVICE_FAMILY = "1,2";
				TEST_TARGET_NAME = HighlightHaven;
			};
			name = Release;
		};
		F28D0EB92D264D4C0079D6C3 /* Debug */ = {
			isa = XCBuildConfiguration;
			buildSettings = {
				ASSETCATALOG_COMPILER_GLOBAL_ACCENT_COLOR_NAME = AccentColor;
				ASSETCATALOG_COMPILER_WIDGET_BACKGROUND_COLOR_NAME = WidgetBackground;
				CODE_SIGN_STYLE = Automatic;
				CURRENT_PROJECT_VERSION = 1;
				GENERATE_INFOPLIST_FILE = YES;
				INFOPLIST_FILE = HighlightWidgetExtension/Info.plist;
				INFOPLIST_KEY_CFBundleDisplayName = HighlightWidgetExtension;
				INFOPLIST_KEY_NSHumanReadableCopyright = "";
				LD_RUNPATH_SEARCH_PATHS = (
					"$(inherited)",
					"@executable_path/Frameworks",
					"@executable_path/../../Frameworks",
				);
				MARKETING_VERSION = 1.0;
				PRODUCT_BUNDLE_IDENTIFIER = sharrock.HighlightHaven.HighlightWidgetExtension;
				PRODUCT_NAME = "$(TARGET_NAME)";
				SKIP_INSTALL = YES;
				SWIFT_EMIT_LOC_STRINGS = YES;
				SWIFT_VERSION = 5.0;
				TARGETED_DEVICE_FAMILY = "1,2";
			};
			name = Debug;
		};
		F28D0EBA2D264D4C0079D6C3 /* Release */ = {
			isa = XCBuildConfiguration;
			buildSettings = {
				ASSETCATALOG_COMPILER_GLOBAL_ACCENT_COLOR_NAME = AccentColor;
				ASSETCATALOG_COMPILER_WIDGET_BACKGROUND_COLOR_NAME = WidgetBackground;
				CODE_SIGN_STYLE = Automatic;
				CURRENT_PROJECT_VERSION = 1;
				GENERATE_INFOPLIST_FILE = YES;
				INFOPLIST_FILE = HighlightWidgetExtension/Info.plist;
				INFOPLIST_KEY_CFBundleDisplayName = HighlightWidgetExtension;
				INFOPLIST_KEY_NSHumanReadableCopyright = "";
				LD_RUNPATH_SEARCH_PATHS = (
					"$(inherited)",
					"@executable_path/Frameworks",
					"@executable_path/../../Frameworks",
				);
				MARKETING_VERSION = 1.0;
				PRODUCT_BUNDLE_IDENTIFIER = sharrock.HighlightHaven.HighlightWidgetExtension;
				PRODUCT_NAME = "$(TARGET_NAME)";
				SKIP_INSTALL = YES;
				SWIFT_EMIT_LOC_STRINGS = YES;
				SWIFT_VERSION = 5.0;
				TARGETED_DEVICE_FAMILY = "1,2";
			};
			name = Release;
		};
/* End XCBuildConfiguration section */

/* Begin XCConfigurationList section */
		F28D0E652D264C750079D6C3 /* Build configuration list for PBXProject "HighlightHaven" */ = {
			isa = XCConfigurationList;
			buildConfigurations = (
				F28D0E8C2D264C770079D6C3 /* Debug */,
				F28D0E8D2D264C770079D6C3 /* Release */,
			);
			defaultConfigurationIsVisible = 0;
			defaultConfigurationName = Release;
		};
		F28D0E8E2D264C770079D6C3 /* Build configuration list for PBXNativeTarget "HighlightHaven" */ = {
			isa = XCConfigurationList;
			buildConfigurations = (
				F28D0E8F2D264C770079D6C3 /* Debug */,
				F28D0E902D264C770079D6C3 /* Release */,
			);
			defaultConfigurationIsVisible = 0;
			defaultConfigurationName = Release;
		};
		F28D0E912D264C770079D6C3 /* Build configuration list for PBXNativeTarget "HighlightHavenTests" */ = {
			isa = XCConfigurationList;
			buildConfigurations = (
				F28D0E922D264C770079D6C3 /* Debug */,
				F28D0E932D264C770079D6C3 /* Release */,
			);
			defaultConfigurationIsVisible = 0;
			defaultConfigurationName = Release;
		};
		F28D0E942D264C770079D6C3 /* Build configuration list for PBXNativeTarget "HighlightHavenUITests" */ = {
			isa = XCConfigurationList;
			buildConfigurations = (
				F28D0E952D264C770079D6C3 /* Debug */,
				F28D0E962D264C770079D6C3 /* Release */,
			);
			defaultConfigurationIsVisible = 0;
			defaultConfigurationName = Release;
		};
		F28D0EB82D264D4C0079D6C3 /* Build configuration list for PBXNativeTarget "HighlightWidgetExtensionExtension" */ = {
			isa = XCConfigurationList;
			buildConfigurations = (
				F28D0EB92D264D4C0079D6C3 /* Debug */,
				F28D0EBA2D264D4C0079D6C3 /* Release */,
			);
			defaultConfigurationIsVisible = 0;
			defaultConfigurationName = Release;
		};
/* End XCConfigurationList section */
	};
	rootObject = F28D0E622D264C750079D6C3 /* Project object */;
}
